
Microsoft Visual Studio Solution File, Format Version 12.00
# Visual Studio Version 17
VisualStudioVersion = 17.0.31903.59
MinimumVisualStudioVersion = 10.0.40219.1
Project("{9A19103F-16F7-4668-BE54-9A1E7A4F7556}") = "HoshiBookWeb", "HoshiBookWeb\HoshiBookWeb.csproj", "{92E976A9-A7DB-4EA3-AAD8-71BEE7152EB8}"
EndProject
Project("{9A19103F-16F7-4668-BE54-9A1E7A4F7556}") = "HoshiBookWeb.Utility", "HoshiBookWeb.Utility\HoshiBookWeb.Utility.csproj", "{E13F87E9-DB62-46B1-A1AC-37C31F5F22CD}"
EndProject
Project("{FAE04EC0-301F-11D3-BF4B-00C04F79EFBC}") = "HoshiBookWeb.DataAccess", "HoshiBookWeb.DataAccess\HoshiBookWeb.DataAccess.csproj", "{DFBE008B-5064-4194-94DC-202BACFD2159}"
EndProject
Project("{FAE04EC0-301F-11D3-BF4B-00C04F79EFBC}") = "HoshiBookWeb.Models", "HoshiBookWeb.Models\HoshiBookWeb.Models.csproj", "{3F26851F-081B-40C4-ADE8-1D03EDB3FC9D}"
EndProject
Project("{FAE04EC0-301F-11D3-BF4B-00C04F79EFBC}") = "HoshiBookWeb.ClassLibFir", "HoshiBookWeb.ClassLibFir\HoshiBookWeb.ClassLibFir.csproj", "{DE470AAC-0BBF-4D9A-8150-22E309949FB2}"
EndProject
Project("{FAE04EC0-301F-11D3-BF4B-00C04F79EFBC}") = "HoshiBookWeb.ClassLibSec", "HoshiBookWeb.ClassLibSec\HoshiBookWeb.ClassLibSec.csproj", "{A9C8D808-48CE-470F-BE95-96B8895DD12E}"
EndProject
Global
	GlobalSection(SolutionConfigurationPlatforms) = preSolution
		Debug|Any CPU = Debug|Any CPU
		Release|Any CPU = Release|Any CPU
	EndGlobalSection
	GlobalSection(ProjectConfigurationPlatforms) = postSolution
		{92E976A9-A7DB-4EA3-AAD8-71BEE7152EB8}.Debug|Any CPU.ActiveCfg = Debug|Any CPU
		{92E976A9-A7DB-4EA3-AAD8-71BEE7152EB8}.Debug|Any CPU.Build.0 = Debug|Any CPU
		{92E976A9-A7DB-4EA3-AAD8-71BEE7152EB8}.Release|Any CPU.ActiveCfg = Release|Any CPU
		{92E976A9-A7DB-4EA3-AAD8-71BEE7152EB8}.Release|Any CPU.Build.0 = Release|Any CPU
		{E13F87E9-DB62-46B1-A1AC-37C31F5F22CD}.Debug|Any CPU.ActiveCfg = Debug|Any CPU
		{E13F87E9-DB62-46B1-A1AC-37C31F5F22CD}.Debug|Any CPU.Build.0 = Debug|Any CPU
		{E13F87E9-DB62-46B1-A1AC-37C31F5F22CD}.Release|Any CPU.ActiveCfg = Release|Any CPU
		{E13F87E9-DB62-46B1-A1AC-37C31F5F22CD}.Release|Any CPU.Build.0 = Release|Any CPU
		{DFBE008B-5064-4194-94DC-202BACFD2159}.Debug|Any CPU.ActiveCfg = Debug|Any CPU
		{DFBE008B-5064-4194-94DC-202BACFD2159}.Debug|Any CPU.Build.0 = Debug|Any CPU
		{DFBE008B-5064-4194-94DC-202BACFD2159}.Release|Any CPU.ActiveCfg = Release|Any CPU
		{DFBE008B-5064-4194-94DC-202BACFD2159}.Release|Any CPU.Build.0 = Release|Any CPU
		{3F26851F-081B-40C4-ADE8-1D03EDB3FC9D}.Debug|Any CPU.ActiveCfg = Debug|Any CPU
		{3F26851F-081B-40C4-ADE8-1D03EDB3FC9D}.Debug|Any CPU.Build.0 = Debug|Any CPU
		{3F26851F-081B-40C4-ADE8-1D03EDB3FC9D}.Release|Any CPU.ActiveCfg = Release|Any CPU
		{3F26851F-081B-40C4-ADE8-1D03EDB3FC9D}.Release|Any CPU.Build.0 = Release|Any CPU
		{DE470AAC-0BBF-4D9A-8150-22E309949FB2}.Debug|Any CPU.ActiveCfg = Debug|Any CPU
		{DE470AAC-0BBF-4D9A-8150-22E309949FB2}.Debug|Any CPU.Build.0 = Debug|Any CPU
		{DE470AAC-0BBF-4D9A-8150-22E309949FB2}.Release|Any CPU.ActiveCfg = Release|Any CPU
		{DE470AAC-0BBF-4D9A-8150-22E309949FB2}.Release|Any CPU.Build.0 = Release|Any CPU
		{A9C8D808-48CE-470F-BE95-96B8895DD12E}.Debug|Any CPU.ActiveCfg = Debug|Any CPU
		{A9C8D808-48CE-470F-BE95-96B8895DD12E}.Debug|Any CPU.Build.0 = Debug|Any CPU
		{A9C8D808-48CE-470F-BE95-96B8895DD12E}.Release|Any CPU.ActiveCfg = Release|Any CPU
		{A9C8D808-48CE-470F-BE95-96B8895DD12E}.Release|Any CPU.Build.0 = Release|Any CPU
	EndGlobalSection
	GlobalSection(SolutionProperties) = preSolution
		HideSolutionNode = FALSE
	EndGlobalSection
	GlobalSection(ExtensibilityGlobals) = postSolution
		SolutionGuid = {136270B9-9047-4084-A8FA-C630E7A604C0}
	EndGlobalSection
EndGlobal
