
Microsoft Visual Studio Solution File, Format Version 12.00
# Visual Studio Version 17
VisualStudioVersion = 17.0.31903.59
MinimumVisualStudioVersion = 10.0.40219.1
Project("{9A19103F-16F7-4668-BE54-9A1E7A4F7556}") = "HoshiBookWeb", "HoshiBookWeb\HoshiBookWeb.csproj", "{92E976A9-A7DB-4EA3-AAD8-71BEE7152EB8}"
EndProject
Project("{9A19103F-16F7-4668-BE54-9A1E7A4F7556}") = "HoshiBook.DataAccess", "HoshiBook.DataAccess\HoshiBook.DataAccess.csproj", "{4C898C10-56E9-4309-B4F0-8C64192B63AA}"
EndProject
Project("{9A19103F-16F7-4668-BE54-9A1E7A4F7556}") = "HoshiBook.Models", "HoshiBook.Models\HoshiBook.Models.csproj", "{01A29D10-0AA8-4D46-91CA-04D4B4ECDE87}"
EndProject
Project("{9A19103F-16F7-4668-BE54-9A1E7A4F7556}") = "HoshiBook.Utility", "HoshiBook.Utility\HoshiBook.Utility.csproj", "{0DF88FAB-E825-41F9-889D-26147A565D48}"
EndProject
Global
	GlobalSection(SolutionConfigurationPlatforms) = preSolution
		Debug|Any CPU = Debug|Any CPU
		Release|Any CPU = Release|Any CPU
	EndGlobalSection
	GlobalSection(ProjectConfigurationPlatforms) = postSolution
		{92E976A9-A7DB-4EA3-AAD8-71BEE7152EB8}.Debug|Any CPU.ActiveCfg = Debug|Any CPU
		{92E976A9-A7DB-4EA3-AAD8-71BEE7152EB8}.Debug|Any CPU.Build.0 = Debug|Any CPU
		{92E976A9-A7DB-4EA3-AAD8-71BEE7152EB8}.Release|Any CPU.ActiveCfg = Release|Any CPU
		{92E976A9-A7DB-4EA3-AAD8-71BEE7152EB8}.Release|Any CPU.Build.0 = Release|Any CPU
		{4C898C10-56E9-4309-B4F0-8C64192B63AA}.Debug|Any CPU.ActiveCfg = Debug|Any CPU
		{4C898C10-56E9-4309-B4F0-8C64192B63AA}.Debug|Any CPU.Build.0 = Debug|Any CPU
		{4C898C10-56E9-4309-B4F0-8C64192B63AA}.Release|Any CPU.ActiveCfg = Release|Any CPU
		{4C898C10-56E9-4309-B4F0-8C64192B63AA}.Release|Any CPU.Build.0 = Release|Any CPU
		{01A29D10-0AA8-4D46-91CA-04D4B4ECDE87}.Debug|Any CPU.ActiveCfg = Debug|Any CPU
		{01A29D10-0AA8-4D46-91CA-04D4B4ECDE87}.Debug|Any CPU.Build.0 = Debug|Any CPU
		{01A29D10-0AA8-4D46-91CA-04D4B4ECDE87}.Release|Any CPU.ActiveCfg = Release|Any CPU
		{01A29D10-0AA8-4D46-91CA-04D4B4ECDE87}.Release|Any CPU.Build.0 = Release|Any CPU
		{0DF88FAB-E825-41F9-889D-26147A565D48}.Debug|Any CPU.ActiveCfg = Debug|Any CPU
		{0DF88FAB-E825-41F9-889D-26147A565D48}.Debug|Any CPU.Build.0 = Debug|Any CPU
		{0DF88FAB-E825-41F9-889D-26147A565D48}.Release|Any CPU.ActiveCfg = Release|Any CPU
		{0DF88FAB-E825-41F9-889D-26147A565D48}.Release|Any CPU.Build.0 = Release|Any CPU
	EndGlobalSection
	GlobalSection(SolutionProperties) = preSolution
		HideSolutionNode = FALSE
	EndGlobalSection
	GlobalSection(ExtensibilityGlobals) = postSolution
		SolutionGuid = {6C8B1C05-2637-4F83-9988-57082E3D7630}
	EndGlobalSection
EndGlobal
